
Microsoft Visual Studio Solution File, Format Version 12.00
# Visual Studio Version 17
VisualStudioVersion = 17.10.34928.147
MinimumVisualStudioVersion = 10.0.40219.1
Project("{FAE04EC0-301F-11D3-BF4B-00C04F79EFBC}") = "cust_crrud", "cust_crrud\cust_crrud.csproj", "{1FD69EAA-631D-4239-BC5F-B2BA6BE4F76E}"
EndProject
Global
	GlobalSection(SolutionConfigurationPlatforms) = preSolution
		Debug|Any CPU = Debug|Any CPU
		Release|Any CPU = Release|Any CPU
	EndGlobalSection
	GlobalSection(ProjectConfigurationPlatforms) = postSolution
		{1FD69EAA-631D-4239-BC5F-B2BA6BE4F76E}.Debug|Any CPU.ActiveCfg = Debug|Any CPU
		{1FD69EAA-631D-4239-BC5F-B2BA6BE4F76E}.Debug|Any CPU.Build.0 = Debug|Any CPU
		{1FD69EAA-631D-4239-BC5F-B2BA6BE4F76E}.Release|Any CPU.ActiveCfg = Release|Any CPU
		{1FD69EAA-631D-4239-BC5F-B2BA6BE4F76E}.Release|Any CPU.Build.0 = Release|Any CPU
	EndGlobalSection
	GlobalSection(SolutionProperties) = preSolution
		HideSolutionNode = FALSE
	EndGlobalSection
	GlobalSection(ExtensibilityGlobals) = postSolution
		SolutionGuid = {E33CA6AC-6B33-428B-838D-7D223A4CCAE9}
	EndGlobalSection
EndGlobal
